
Microsoft Visual Studio Solution File, Format Version 12.00
# Visual Studio for Mac
Project("{FAE04EC0-301F-11D3-BF4B-00C04F79EFBC}") = "ComputerGraphics", "ComputerGraphics.csproj", "{04E74BA5-D2D8-F9C1-F362-0DDF0A3EA9AA}"
EndProject
Project("{FAE04EC0-301F-11D3-BF4B-00C04F79EFBC}") = "ComputerGraphics.Editor.Plugins", "ComputerGraphics.Editor.Plugins.csproj", "{7F57C02C-E332-F441-BB99-9E0314BFEA3E}"
EndProject
Project("{FAE04EC0-301F-11D3-BF4B-00C04F79EFBC}") = "ComputerGraphics.Editor", "ComputerGraphics.Editor.csproj", "{7E2D4E60-0BA6-C7BA-C814-8E4C9ADC0D56}"
EndProject
Global
	GlobalSection(SolutionConfigurationPlatforms) = preSolution
		Debug|Any CPU = Debug|Any CPU
		Release|Any CPU = Release|Any CPU
	EndGlobalSection
	GlobalSection(ProjectConfigurationPlatforms) = postSolution
		{04E74BA5-D2D8-F9C1-F362-0DDF0A3EA9AA}.Debug|Any CPU.ActiveCfg = Debug|Any CPU
		{04E74BA5-D2D8-F9C1-F362-0DDF0A3EA9AA}.Debug|Any CPU.Build.0 = Debug|Any CPU
		{04E74BA5-D2D8-F9C1-F362-0DDF0A3EA9AA}.Release|Any CPU.ActiveCfg = Release|Any CPU
		{04E74BA5-D2D8-F9C1-F362-0DDF0A3EA9AA}.Release|Any CPU.Build.0 = Release|Any CPU
		{7F57C02C-E332-F441-BB99-9E0314BFEA3E}.Debug|Any CPU.ActiveCfg = Debug|Any CPU
		{7F57C02C-E332-F441-BB99-9E0314BFEA3E}.Debug|Any CPU.Build.0 = Debug|Any CPU
		{7F57C02C-E332-F441-BB99-9E0314BFEA3E}.Release|Any CPU.ActiveCfg = Release|Any CPU
		{7F57C02C-E332-F441-BB99-9E0314BFEA3E}.Release|Any CPU.Build.0 = Release|Any CPU
		{7E2D4E60-0BA6-C7BA-C814-8E4C9ADC0D56}.Debug|Any CPU.ActiveCfg = Debug|Any CPU
		{7E2D4E60-0BA6-C7BA-C814-8E4C9ADC0D56}.Debug|Any CPU.Build.0 = Debug|Any CPU
		{7E2D4E60-0BA6-C7BA-C814-8E4C9ADC0D56}.Release|Any CPU.ActiveCfg = Release|Any CPU
		{7E2D4E60-0BA6-C7BA-C814-8E4C9ADC0D56}.Release|Any CPU.Build.0 = Release|Any CPU
	EndGlobalSection
	GlobalSection(SolutionProperties) = preSolution
		HideSolutionNode = FALSE
	EndGlobalSection
EndGlobal
